// !$*UTF8*$!
{
	archiveVersion = 1;
	classes = {
	};
	objectVersion = 46;
	objects = {

/* Begin PBXBuildFile section */
		143340111B1F867700C5A2F5 /* main.m in Sources */ = {isa = PBXBuildFile; fileRef = 143340101B1F867700C5A2F5 /* main.m */; };
		143340141B1F867700C5A2F5 /* AppDelegate.m in Sources */ = {isa = PBXBuildFile; fileRef = 143340131B1F867700C5A2F5 /* AppDelegate.m */; };
		1433401A1B1F867700C5A2F5 /* Main.storyboard in Resources */ = {isa = PBXBuildFile; fileRef = 143340181B1F867700C5A2F5 /* Main.storyboard */; };
		1433401C1B1F867700C5A2F5 /* Images.xcassets in Resources */ = {isa = PBXBuildFile; fileRef = 1433401B1B1F867700C5A2F5 /* Images.xcassets */; };
		1433401F1B1F867700C5A2F5 /* LaunchScreen.xib in Resources */ = {isa = PBXBuildFile; fileRef = 1433401D1B1F867700C5A2F5 /* LaunchScreen.xib */; };
		1433402B1B1F867700C5A2F5 /* collectionInTableCodeTests.m in Sources */ = {isa = PBXBuildFile; fileRef = 1433402A1B1F867700C5A2F5 /* collectionInTableCodeTests.m */; };
		143340361B1F88B000C5A2F5 /* Launch Screen.xib in Resources */ = {isa = PBXBuildFile; fileRef = 143340351B1F88B000C5A2F5 /* Launch Screen.xib */; };
		1433403B1B1F8A3A00C5A2F5 /* Default-568h@2x.png in Resources */ = {isa = PBXBuildFile; fileRef = 1433403A1B1F8A3A00C5A2F5 /* Default-568h@2x.png */; };
		1433403F1B1F92FA00C5A2F5 /* TableViewController.m in Sources */ = {isa = PBXBuildFile; fileRef = 1433403E1B1F92FA00C5A2F5 /* TableViewController.m */; };
		143340451B1F965500C5A2F5 /* DataModel.m in Sources */ = {isa = PBXBuildFile; fileRef = 143340441B1F965500C5A2F5 /* DataModel.m */; };
		145F61691B1FF32000A06901 /* pic.JPG in Resources */ = {isa = PBXBuildFile; fileRef = 145F61681B1FF32000A06901 /* pic.JPG */; };
		145F616E1B21177A00A06901 /* CustomTableViewCell.m in Sources */ = {isa = PBXBuildFile; fileRef = 145F616C1B21177A00A06901 /* CustomTableViewCell.m */; };
		145F616F1B21177A00A06901 /* CustomTableViewCell.xib in Resources */ = {isa = PBXBuildFile; fileRef = 145F616D1B21177A00A06901 /* CustomTableViewCell.xib */; };
		14F145F91B226687007B6E6C /* pic2.jpg in Resources */ = {isa = PBXBuildFile; fileRef = 14F145F81B226687007B6E6C /* pic2.jpg */; };
/* End PBXBuildFile section */

/* Begin PBXContainerItemProxy section */
		143340251B1F867700C5A2F5 /* PBXContainerItemProxy */ = {
			isa = PBXContainerItemProxy;
			containerPortal = 143340031B1F867700C5A2F5 /* Project object */;
			proxyType = 1;
			remoteGlobalIDString = 1433400A1B1F867700C5A2F5;
			remoteInfo = collectionInTableCode;
		};
/* End PBXContainerItemProxy section */

/* Begin PBXFileReference section */
		1433400B1B1F867700C5A2F5 /* collectionInTableCode.app */ = {isa = PBXFileReference; explicitFileType = wrapper.application; includeInIndex = 0; path = collectionInTableCode.app; sourceTree = BUILT_PRODUCTS_DIR; };
		1433400F1B1F867700C5A2F5 /* Info.plist */ = {isa = PBXFileReference; lastKnownFileType = text.plist.xml; path = Info.plist; sourceTree = "<group>"; };
		143340101B1F867700C5A2F5 /* main.m */ = {isa = PBXFileReference; lastKnownFileType = sourcecode.c.objc; path = main.m; sourceTree = "<group>"; };
		143340121B1F867700C5A2F5 /* AppDelegate.h */ = {isa = PBXFileReference; lastKnownFileType = sourcecode.c.h; path = AppDelegate.h; sourceTree = "<group>"; };
		143340131B1F867700C5A2F5 /* AppDelegate.m */ = {isa = PBXFileReference; lastKnownFileType = sourcecode.c.objc; path = AppDelegate.m; sourceTree = "<group>"; };
		143340191B1F867700C5A2F5 /* Base */ = {isa = PBXFileReference; lastKnownFileType = file.storyboard; name = Base; path = Base.lproj/Main.storyboard; sourceTree = "<group>"; };
		1433401B1B1F867700C5A2F5 /* Images.xcassets */ = {isa = PBXFileReference; lastKnownFileType = folder.assetcatalog; path = Images.xcassets; sourceTree = "<group>"; };
		1433401E1B1F867700C5A2F5 /* Base */ = {isa = PBXFileReference; lastKnownFileType = file.xib; name = Base; path = Base.lproj/LaunchScreen.xib; sourceTree = "<group>"; };
		143340241B1F867700C5A2F5 /* collectionInTableCodeTests.xctest */ = {isa = PBXFileReference; explicitFileType = wrapper.cfbundle; includeInIndex = 0; path = collectionInTableCodeTests.xctest; sourceTree = BUILT_PRODUCTS_DIR; };
		143340291B1F867700C5A2F5 /* Info.plist */ = {isa = PBXFileReference; lastKnownFileType = text.plist.xml; path = Info.plist; sourceTree = "<group>"; };
		1433402A1B1F867700C5A2F5 /* collectionInTableCodeTests.m */ = {isa = PBXFileReference; lastKnownFileType = sourcecode.c.objc; path = collectionInTableCodeTests.m; sourceTree = "<group>"; };
		143340351B1F88B000C5A2F5 /* Launch Screen.xib */ = {isa = PBXFileReference; fileEncoding = 4; lastKnownFileType = file.xib; name = "Launch Screen.xib"; path = "Images.xcassets/Launch Screen.xib"; sourceTree = "<group>"; };
		143340391B1F8A0A00C5A2F5 /* collectionInTableCode-Prefix.pch */ = {isa = PBXFileReference; lastKnownFileType = sourcecode.c.h; path = "collectionInTableCode-Prefix.pch"; sourceTree = "<group>"; };
		1433403A1B1F8A3A00C5A2F5 /* Default-568h@2x.png */ = {isa = PBXFileReference; lastKnownFileType = image.png; path = "Default-568h@2x.png"; sourceTree = "<group>"; };
		1433403D1B1F92FA00C5A2F5 /* TableViewController.h */ = {isa = PBXFileReference; fileEncoding = 4; lastKnownFileType = sourcecode.c.h; path = TableViewController.h; sourceTree = "<group>"; };
		1433403E1B1F92FA00C5A2F5 /* TableViewController.m */ = {isa = PBXFileReference; fileEncoding = 4; lastKnownFileType = sourcecode.c.objc; path = TableViewController.m; sourceTree = "<group>"; };
		143340431B1F965500C5A2F5 /* DataModel.h */ = {isa = PBXFileReference; fileEncoding = 4; lastKnownFileType = sourcecode.c.h; path = DataModel.h; sourceTree = "<group>"; };
		143340441B1F965500C5A2F5 /* DataModel.m */ = {isa = PBXFileReference; fileEncoding = 4; lastKnownFileType = sourcecode.c.objc; path = DataModel.m; sourceTree = "<group>"; };
		145F61681B1FF32000A06901 /* pic.JPG */ = {isa = PBXFileReference; lastKnownFileType = image.jpeg; path = pic.JPG; sourceTree = "<group>"; };
		145F616B1B21177A00A06901 /* CustomTableViewCell.h */ = {isa = PBXFileReference; fileEncoding = 4; lastKnownFileType = sourcecode.c.h; path = CustomTableViewCell.h; sourceTree = "<group>"; };
		145F616C1B21177A00A06901 /* CustomTableViewCell.m */ = {isa = PBXFileReference; fileEncoding = 4; lastKnownFileType = sourcecode.c.objc; path = CustomTableViewCell.m; sourceTree = "<group>"; };
		145F616D1B21177A00A06901 /* CustomTableViewCell.xib */ = {isa = PBXFileReference; fileEncoding = 4; lastKnownFileType = file.xib; path = CustomTableViewCell.xib; sourceTree = "<group>"; };
		14F145F81B226687007B6E6C /* pic2.jpg */ = {isa = PBXFileReference; lastKnownFileType = image.jpeg; path = pic2.jpg; sourceTree = "<group>"; };
/* End PBXFileReference section */

/* Begin PBXFrameworksBuildPhase section */
		143340081B1F867700C5A2F5 /* Frameworks */ = {
			isa = PBXFrameworksBuildPhase;
			buildActionMask = 2147483647;
			files = (
			);
			runOnlyForDeploymentPostprocessing = 0;
		};
		143340211B1F867700C5A2F5 /* Frameworks */ = {
			isa = PBXFrameworksBuildPhase;
			buildActionMask = 2147483647;
			files = (
			);
			runOnlyForDeploymentPostprocessing = 0;
		};
/* End PBXFrameworksBuildPhase section */

/* Begin PBXGroup section */
		143340021B1F867700C5A2F5 = {
			isa = PBXGroup;
			children = (
				1433403A1B1F8A3A00C5A2F5 /* Default-568h@2x.png */,
				1433400D1B1F867700C5A2F5 /* collectionInTableCode */,
				143340271B1F867700C5A2F5 /* collectionInTableCodeTests */,
				1433400C1B1F867700C5A2F5 /* Products */,
			);
			sourceTree = "<group>";
		};
		1433400C1B1F867700C5A2F5 /* Products */ = {
			isa = PBXGroup;
			children = (
				1433400B1B1F867700C5A2F5 /* collectionInTableCode.app */,
				143340241B1F867700C5A2F5 /* collectionInTableCodeTests.xctest */,
			);
			name = Products;
			sourceTree = "<group>";
		};
		1433400D1B1F867700C5A2F5 /* collectionInTableCode */ = {
			isa = PBXGroup;
			children = (
				143340121B1F867700C5A2F5 /* AppDelegate.h */,
				143340131B1F867700C5A2F5 /* AppDelegate.m */,
				145F61701B21178600A06901 /* Custome Table View Cell */,
				1433403C1B1F92D900C5A2F5 /* TableView */,
				143340401B1F955100C5A2F5 /* DataModel */,
				143340181B1F867700C5A2F5 /* Main.storyboard */,
				1433401B1B1F867700C5A2F5 /* Images.xcassets */,
				143340351B1F88B000C5A2F5 /* Launch Screen.xib */,
				145F616A1B1FF32C00A06901 /* Images */,
				1433401D1B1F867700C5A2F5 /* LaunchScreen.xib */,
				1433400E1B1F867700C5A2F5 /* Supporting Files */,
			);
			path = collectionInTableCode;
			sourceTree = "<group>";
		};
		1433400E1B1F867700C5A2F5 /* Supporting Files */ = {
			isa = PBXGroup;
			children = (
				1433400F1B1F867700C5A2F5 /* Info.plist */,
				143340101B1F867700C5A2F5 /* main.m */,
				143340391B1F8A0A00C5A2F5 /* collectionInTableCode-Prefix.pch */,
			);
			name = "Supporting Files";
			sourceTree = "<group>";
		};
		143340271B1F867700C5A2F5 /* collectionInTableCodeTests */ = {
			isa = PBXGroup;
			children = (
				1433402A1B1F867700C5A2F5 /* collectionInTableCodeTests.m */,
				143340281B1F867700C5A2F5 /* Supporting Files */,
			);
			path = collectionInTableCodeTests;
			sourceTree = "<group>";
		};
		143340281B1F867700C5A2F5 /* Supporting Files */ = {
			isa = PBXGroup;
			children = (
				143340291B1F867700C5A2F5 /* Info.plist */,
			);
			name = "Supporting Files";
			sourceTree = "<group>";
		};
		1433403C1B1F92D900C5A2F5 /* TableView */ = {
			isa = PBXGroup;
			children = (
				1433403D1B1F92FA00C5A2F5 /* TableViewController.h */,
				1433403E1B1F92FA00C5A2F5 /* TableViewController.m */,
			);
			name = TableView;
			sourceTree = "<group>";
		};
		143340401B1F955100C5A2F5 /* DataModel */ = {
			isa = PBXGroup;
			children = (
				143340431B1F965500C5A2F5 /* DataModel.h */,
				143340441B1F965500C5A2F5 /* DataModel.m */,
			);
			name = DataModel;
			sourceTree = "<group>";
		};
		145F616A1B1FF32C00A06901 /* Images */ = {
			isa = PBXGroup;
			children = (
				14F145F81B226687007B6E6C /* pic2.jpg */,
				145F61681B1FF32000A06901 /* pic.JPG */,
			);
			name = Images;
			sourceTree = "<group>";
		};
		145F61701B21178600A06901 /* Custome Table View Cell */ = {
			isa = PBXGroup;
			children = (
				145F616B1B21177A00A06901 /* CustomTableViewCell.h */,
				145F616C1B21177A00A06901 /* CustomTableViewCell.m */,
				145F616D1B21177A00A06901 /* CustomTableViewCell.xib */,
			);
			name = "Custome Table View Cell";
			sourceTree = "<group>";
		};
/* End PBXGroup section */

/* Begin PBXNativeTarget section */
		1433400A1B1F867700C5A2F5 /* collectionInTableCode */ = {
			isa = PBXNativeTarget;
			buildConfigurationList = 1433402E1B1F867700C5A2F5 /* Build configuration list for PBXNativeTarget "collectionInTableCode" */;
			buildPhases = (
				143340071B1F867700C5A2F5 /* Sources */,
				143340081B1F867700C5A2F5 /* Frameworks */,
				143340091B1F867700C5A2F5 /* Resources */,
			);
			buildRules = (
			);
			dependencies = (
			);
			name = collectionInTableCode;
			productName = collectionInTableCode;
			productReference = 1433400B1B1F867700C5A2F5 /* collectionInTableCode.app */;
			productType = "com.apple.product-type.application";
		};
		143340231B1F867700C5A2F5 /* collectionInTableCodeTests */ = {
			isa = PBXNativeTarget;
			buildConfigurationList = 143340311B1F867700C5A2F5 /* Build configuration list for PBXNativeTarget "collectionInTableCodeTests" */;
			buildPhases = (
				143340201B1F867700C5A2F5 /* Sources */,
				143340211B1F867700C5A2F5 /* Frameworks */,
				143340221B1F867700C5A2F5 /* Resources */,
			);
			buildRules = (
			);
			dependencies = (
				143340261B1F867700C5A2F5 /* PBXTargetDependency */,
			);
			name = collectionInTableCodeTests;
			productName = collectionInTableCodeTests;
			productReference = 143340241B1F867700C5A2F5 /* collectionInTableCodeTests.xctest */;
			productType = "com.apple.product-type.bundle.unit-test";
		};
/* End PBXNativeTarget section */

/* Begin PBXProject section */
		143340031B1F867700C5A2F5 /* Project object */ = {
			isa = PBXProject;
			attributes = {
				LastUpgradeCheck = 0630;
				ORGANIZATIONNAME = Michael;
				TargetAttributes = {
					1433400A1B1F867700C5A2F5 = {
						CreatedOnToolsVersion = 6.3.2;
					};
					143340231B1F867700C5A2F5 = {
						CreatedOnToolsVersion = 6.3.2;
						TestTargetID = 1433400A1B1F867700C5A2F5;
					};
				};
			};
			buildConfigurationList = 143340061B1F867700C5A2F5 /* Build configuration list for PBXProject "collectionInTableCode" */;
			compatibilityVersion = "Xcode 3.2";
			developmentRegion = English;
			hasScannedForEncodings = 0;
			knownRegions = (
				en,
				Base,
			);
			mainGroup = 143340021B1F867700C5A2F5;
			productRefGroup = 1433400C1B1F867700C5A2F5 /* Products */;
			projectDirPath = "";
			projectRoot = "";
			targets = (
				1433400A1B1F867700C5A2F5 /* collectionInTableCode */,
				143340231B1F867700C5A2F5 /* collectionInTableCodeTests */,
			);
		};
/* End PBXProject section */

/* Begin PBXResourcesBuildPhase section */
		143340091B1F867700C5A2F5 /* Resources */ = {
			isa = PBXResourcesBuildPhase;
			buildActionMask = 2147483647;
			files = (
				145F61691B1FF32000A06901 /* pic.JPG in Resources */,
				145F616F1B21177A00A06901 /* CustomTableViewCell.xib in Resources */,
				14F145F91B226687007B6E6C /* pic2.jpg in Resources */,
				1433401A1B1F867700C5A2F5 /* Main.storyboard in Resources */,
				143340361B1F88B000C5A2F5 /* Launch Screen.xib in Resources */,
				1433401F1B1F867700C5A2F5 /* LaunchScreen.xib in Resources */,
				1433403B1B1F8A3A00C5A2F5 /* Default-568h@2x.png in Resources */,
				1433401C1B1F867700C5A2F5 /* Images.xcassets in Resources */,
			);
			runOnlyForDeploymentPostprocessing = 0;
		};
		143340221B1F867700C5A2F5 /* Resources */ = {
			isa = PBXResourcesBuildPhase;
			buildActionMask = 2147483647;
			files = (
			);
			runOnlyForDeploymentPostprocessing = 0;
		};
/* End PBXResourcesBuildPhase section */

/* Begin PBXSourcesBuildPhase section */
		143340071B1F867700C5A2F5 /* Sources */ = {
			isa = PBXSourcesBuildPhase;
			buildActionMask = 2147483647;
			files = (
				143340451B1F965500C5A2F5 /* DataModel.m in Sources */,
				145F616E1B21177A00A06901 /* CustomTableViewCell.m in Sources */,
				143340141B1F867700C5A2F5 /* AppDelegate.m in Sources */,
				143340111B1F867700C5A2F5 /* main.m in Sources */,
				1433403F1B1F92FA00C5A2F5 /* TableViewController.m in Sources */,
			);
			runOnlyForDeploymentPostprocessing = 0;
		};
		143340201B1F867700C5A2F5 /* Sources */ = {
			isa = PBXSourcesBuildPhase;
			buildActionMask = 2147483647;
			files = (
				1433402B1B1F867700C5A2F5 /* collectionInTableCodeTests.m in Sources */,
			);
			runOnlyForDeploymentPostprocessing = 0;
		};
/* End PBXSourcesBuildPhase section */

/* Begin PBXTargetDependency section */
		143340261B1F867700C5A2F5 /* PBXTargetDependency */ = {
			isa = PBXTargetDependency;
			target = 1433400A1B1F867700C5A2F5 /* collectionInTableCode */;
			targetProxy = 143340251B1F867700C5A2F5 /* PBXContainerItemProxy */;
		};
/* End PBXTargetDependency section */

/* Begin PBXVariantGroup section */
		143340181B1F867700C5A2F5 /* Main.storyboard */ = {
			isa = PBXVariantGroup;
			children = (
				143340191B1F867700C5A2F5 /* Base */,
			);
			name = Main.storyboard;
			sourceTree = "<group>";
		};
		1433401D1B1F867700C5A2F5 /* LaunchScreen.xib */ = {
			isa = PBXVariantGroup;
			children = (
				1433401E1B1F867700C5A2F5 /* Base */,
			);
			name = LaunchScreen.xib;
			sourceTree = "<group>";
		};
/* End PBXVariantGroup section */

/* Begin XCBuildConfiguration section */
		1433402C1B1F867700C5A2F5 /* Debug */ = {
			isa = XCBuildConfiguration;
			buildSettings = {
				ALWAYS_SEARCH_USER_PATHS = NO;
				CLANG_CXX_LANGUAGE_STANDARD = "gnu++0x";
				CLANG_CXX_LIBRARY = "libc++";
				CLANG_ENABLE_MODULES = YES;
				CLANG_ENABLE_OBJC_ARC = YES;
				CLANG_WARN_BOOL_CONVERSION = YES;
				CLANG_WARN_CONSTANT_CONVERSION = YES;
				CLANG_WARN_DIRECT_OBJC_ISA_USAGE = YES_ERROR;
				CLANG_WARN_EMPTY_BODY = YES;
				CLANG_WARN_ENUM_CONVERSION = YES;
				CLANG_WARN_INT_CONVERSION = YES;
				CLANG_WARN_OBJC_ROOT_CLASS = YES_ERROR;
				CLANG_WARN_UNREACHABLE_CODE = YES;
				CLANG_WARN__DUPLICATE_METHOD_MATCH = YES;
				"CODE_SIGN_IDENTITY[sdk=iphoneos*]" = "iPhone Developer";
				COPY_PHASE_STRIP = NO;
				DEBUG_INFORMATION_FORMAT = "dwarf-with-dsym";
				ENABLE_STRICT_OBJC_MSGSEND = YES;
				GCC_C_LANGUAGE_STANDARD = gnu99;
				GCC_DYNAMIC_NO_PIC = NO;
				GCC_NO_COMMON_BLOCKS = YES;
				GCC_OPTIMIZATION_LEVEL = 0;
				GCC_PREPROCESSOR_DEFINITIONS = (
					"DEBUG=1",
					"$(inherited)",
				);
				GCC_SYMBOLS_PRIVATE_EXTERN = NO;
				GCC_WARN_64_TO_32_BIT_CONVERSION = YES;
				GCC_WARN_ABOUT_RETURN_TYPE = YES_ERROR;
				GCC_WARN_UNDECLARED_SELECTOR = YES;
				GCC_WARN_UNINITIALIZED_AUTOS = YES_AGGRESSIVE;
				GCC_WARN_UNUSED_FUNCTION = YES;
				GCC_WARN_UNUSED_VARIABLE = YES;
				IPHONEOS_DEPLOYMENT_TARGET = 8.3;
				MTL_ENABLE_DEBUG_INFO = YES;
				ONLY_ACTIVE_ARCH = YES;
				SDKROOT = iphoneos;
				TARGETED_DEVICE_FAMILY = "1,2";
			};
			name = Debug;
		};
		1433402D1B1F867700C5A2F5 /* Release */ = {
			isa = XCBuildConfiguration;
			buildSettings = {
				ALWAYS_SEARCH_USER_PATHS = NO;
				CLANG_CXX_LANGUAGE_STANDARD = "gnu++0x";
				CLANG_CXX_LIBRARY = "libc++";
				CLANG_ENABLE_MODULES = YES;
				CLANG_ENABLE_OBJC_ARC = YES;
				CLANG_WARN_BOOL_CONVERSION = YES;
				CLANG_WARN_CONSTANT_CONVERSION = YES;
				CLANG_WARN_DIRECT_OBJC_ISA_USAGE = YES_ERROR;
				CLANG_WARN_EMPTY_BODY = YES;
				CLANG_WARN_ENUM_CONVERSION = YES;
				CLANG_WARN_INT_CONVERSION = YES;
				CLANG_WARN_OBJC_ROOT_CLASS = YES_ERROR;
				CLANG_WARN_UNREACHABLE_CODE = YES;
				CLANG_WARN__DUPLICATE_METHOD_MATCH = YES;
				"CODE_SIGN_IDENTITY[sdk=iphoneos*]" = "iPhone Developer";
				COPY_PHASE_STRIP = NO;
				DEBUG_INFORMATION_FORMAT = "dwarf-with-dsym";
				ENABLE_NS_ASSERTIONS = NO;
				ENABLE_STRICT_OBJC_MSGSEND = YES;
				GCC_C_LANGUAGE_STANDARD = gnu99;
				GCC_NO_COMMON_BLOCKS = YES;
				GCC_WARN_64_TO_32_BIT_CONVERSION = YES;
				GCC_WARN_ABOUT_RETURN_TYPE = YES_ERROR;
				GCC_WARN_UNDECLARED_SELECTOR = YES;
				GCC_WARN_UNINITIALIZED_AUTOS = YES_AGGRESSIVE;
				GCC_WARN_UNUSED_FUNCTION = YES;
				GCC_WARN_UNUSED_VARIABLE = YES;
				IPHONEOS_DEPLOYMENT_TARGET = 8.3;
				MTL_ENABLE_DEBUG_INFO = NO;
				SDKROOT = iphoneos;
				TARGETED_DEVICE_FAMILY = "1,2";
				VALIDATE_PRODUCT = YES;
			};
			name = Release;
		};
		1433402F1B1F867700C5A2F5 /* Debug */ = {
			isa = XCBuildConfiguration;
			buildSettings = {
				ASSETCATALOG_COMPILER_APPICON_NAME = AppIcon;
				GCC_PRECOMPILE_PREFIX_HEADER = YES;
				GCC_PREFIX_HEADER = "$SRCROOT/$PROJECT_NAME/collectionInTableCode-Prefix.pch";
				INFOPLIST_FILE = collectionInTableCode/Info.plist;
				LD_RUNPATH_SEARCH_PATHS = "$(inherited) @executable_path/Frameworks";
				PRODUCT_NAME = "$(TARGET_NAME)";
			};
			name = Debug;
		};
		143340301B1F867700C5A2F5 /* Release */ = {
			isa = XCBuildConfiguration;
			buildSettings = {
				ASSETCATALOG_COMPILER_APPICON_NAME = AppIcon;
				GCC_PRECOMPILE_PREFIX_HEADER = YES;
				GCC_PREFIX_HEADER = "$SRCROOT/$PROJECT_NAME/collectionInTableCode-Prefix.pch";
				INFOPLIST_FILE = collectionInTableCode/Info.plist;
				LD_RUNPATH_SEARCH_PATHS = "$(inherited) @executable_path/Frameworks";
				PRODUCT_NAME = "$(TARGET_NAME)";
			};
			name = Release;
		};
		143340321B1F867700C5A2F5 /* Debug */ = {
			isa = XCBuildConfiguration;
			buildSettings = {
				BUNDLE_LOADER = "$(TEST_HOST)";
				FRAMEWORK_SEARCH_PATHS = (
					"$(SDKROOT)/Developer/Library/Frameworks",
					"$(inherited)",
				);
				GCC_PREPROCESSOR_DEFINITIONS = (
					"DEBUG=1",
					"$(inherited)",
				);
				INFOPLIST_FILE = collectionInTableCodeTests/Info.plist;
				LD_RUNPATH_SEARCH_PATHS = "$(inherited) @executable_path/Frameworks @loader_path/Frameworks";
				PRODUCT_NAME = "$(TARGET_NAME)";
				TEST_HOST = "$(BUILT_PRODUCTS_DIR)/collectionInTableCode.app/collectionInTableCode";
			};
			name = Debug;
		};
		143340331B1F867700C5A2F5 /* Release */ = {
			isa = XCBuildConfiguration;
			buildSettings = {
				BUNDLE_LOADER = "$(TEST_HOST)";
				FRAMEWORK_SEARCH_PATHS = (
					"$(SDKROOT)/Developer/Library/Frameworks",
					"$(inherited)",
				);
				INFOPLIST_FILE = collectionInTableCodeTests/Info.plist;
				LD_RUNPATH_SEARCH_PATHS = "$(inherited) @executable_path/Frameworks @loader_path/Frameworks";
				PRODUCT_NAME = "$(TARGET_NAME)";
				TEST_HOST = "$(BUILT_PRODUCTS_DIR)/collectionInTableCode.app/collectionInTableCode";
			};
			name = Release;
		};
/* End XCBuildConfiguration section */

/* Begin XCConfigurationList section */
		143340061B1F867700C5A2F5 /* Build configuration list for PBXProject "collectionInTableCode" */ = {
			isa = XCConfigurationList;
			buildConfigurations = (
				1433402C1B1F867700C5A2F5 /* Debug */,
				1433402D1B1F867700C5A2F5 /* Release */,
			);
			defaultConfigurationIsVisible = 0;
			defaultConfigurationName = Release;
		};
		1433402E1B1F867700C5A2F5 /* Build configuration list for PBXNativeTarget "collectionInTableCode" */ = {
			isa = XCConfigurationList;
			buildConfigurations = (
				1433402F1B1F867700C5A2F5 /* Debug */,
				143340301B1F867700C5A2F5 /* Release */,
			);
			defaultConfigurationIsVisible = 0;
			defaultConfigurationName = Release;
		};
		143340311B1F867700C5A2F5 /* Build configuration list for PBXNativeTarget "collectionInTableCodeTests" */ = {
			isa = XCConfigurationList;
			buildConfigurations = (
				143340321B1F867700C5A2F5 /* Debug */,
				143340331B1F867700C5A2F5 /* Release */,
			);
			defaultConfigurationIsVisible = 0;
			defaultConfigurationName = Release;
		};
/* End XCConfigurationList section */
	};
	rootObject = 143340031B1F867700C5A2F5 /* Project object */;
}
